
Microsoft Visual Studio Solution File, Format Version 12.00
# Visual Studio Version 17
VisualStudioVersion = 17.4.33213.308
MinimumVisualStudioVersion = 10.0.40219.1
Project("{FAE04EC0-301F-11D3-BF4B-00C04F79EFBC}") = "CSharpLearning", "CSharpLearning\CSharpLearning.csproj", "{F5064624-81F7-4271-9956-5B7409ADED24}"
EndProject
Global
	GlobalSection(SolutionConfigurationPlatforms) = preSolution
		Debug|Any CPU = Debug|Any CPU
		Release|Any CPU = Release|Any CPU
	EndGlobalSection
	GlobalSection(ProjectConfigurationPlatforms) = postSolution
		{F5064624-81F7-4271-9956-5B7409ADED24}.Debug|Any CPU.ActiveCfg = Debug|Any CPU
		{F5064624-81F7-4271-9956-5B7409ADED24}.Debug|Any CPU.Build.0 = Debug|Any CPU
		{F5064624-81F7-4271-9956-5B7409ADED24}.Release|Any CPU.ActiveCfg = Release|Any CPU
		{F5064624-81F7-4271-9956-5B7409ADED24}.Release|Any CPU.Build.0 = Release|Any CPU
	EndGlobalSection
	GlobalSection(SolutionProperties) = preSolution
		HideSolutionNode = FALSE
	EndGlobalSection
	GlobalSection(ExtensibilityGlobals) = postSolution
		SolutionGuid = {399AA00F-1C1A-4929-8FF6-D57C96327D4B}
	EndGlobalSection
EndGlobal
